
Microsoft Visual Studio Solution File, Format Version 12.00
# Visual Studio 15
VisualStudioVersion = 15.0.27130.2010
MinimumVisualStudioVersion = 10.0.40219.1
Project("{9A19103F-16F7-4668-BE54-9A1E7A4F7556}") = "DesignPatternTraining", "DesignPatternTraining\DesignPatternTraining.csproj", "{99BB4FF3-A78D-4EB6-ACC4-71E5FAABA52A}"
EndProject
Project("{FAE04EC0-301F-11D3-BF4B-00C04F79EFBC}") = "Singleton", "Singleton\Singleton.csproj", "{1B9447B5-1653-4714-8FBB-9A4426DDC83A}"
Project("{FAE04EC0-301F-11D3-BF4B-00C04F79EFBC}") = "Decorator", "Decorator\Decorator.csproj", "{EE32CD1E-698B-41A9-84C0-5E7F09C26392}"
Project("{FAE04EC0-301F-11D3-BF4B-00C04F79EFBC}") = "Factory", "Factory\Factory.csproj", "{7FDAFF3C-F3B0-434F-86C2-487FFBEE86DE}"
EndProject
Global
	GlobalSection(SolutionConfigurationPlatforms) = preSolution
		Debug|Any CPU = Debug|Any CPU
		Release|Any CPU = Release|Any CPU
	EndGlobalSection
	GlobalSection(ProjectConfigurationPlatforms) = postSolution
		{99BB4FF3-A78D-4EB6-ACC4-71E5FAABA52A}.Debug|Any CPU.ActiveCfg = Debug|Any CPU
		{99BB4FF3-A78D-4EB6-ACC4-71E5FAABA52A}.Debug|Any CPU.Build.0 = Debug|Any CPU
		{99BB4FF3-A78D-4EB6-ACC4-71E5FAABA52A}.Release|Any CPU.ActiveCfg = Release|Any CPU
		{99BB4FF3-A78D-4EB6-ACC4-71E5FAABA52A}.Release|Any CPU.Build.0 = Release|Any CPU
		{1B9447B5-1653-4714-8FBB-9A4426DDC83A}.Debug|Any CPU.ActiveCfg = Debug|Any CPU
		{1B9447B5-1653-4714-8FBB-9A4426DDC83A}.Debug|Any CPU.Build.0 = Debug|Any CPU
		{1B9447B5-1653-4714-8FBB-9A4426DDC83A}.Release|Any CPU.ActiveCfg = Release|Any CPU
		{1B9447B5-1653-4714-8FBB-9A4426DDC83A}.Release|Any CPU.Build.0 = Release|Any CPU
		{EE32CD1E-698B-41A9-84C0-5E7F09C26392}.Debug|Any CPU.ActiveCfg = Debug|Any CPU
		{EE32CD1E-698B-41A9-84C0-5E7F09C26392}.Debug|Any CPU.Build.0 = Debug|Any CPU
		{EE32CD1E-698B-41A9-84C0-5E7F09C26392}.Release|Any CPU.ActiveCfg = Release|Any CPU
		{EE32CD1E-698B-41A9-84C0-5E7F09C26392}.Release|Any CPU.Build.0 = Release|Any CPU
		{7FDAFF3C-F3B0-434F-86C2-487FFBEE86DE}.Debug|Any CPU.ActiveCfg = Debug|Any CPU
		{7FDAFF3C-F3B0-434F-86C2-487FFBEE86DE}.Debug|Any CPU.Build.0 = Debug|Any CPU
		{7FDAFF3C-F3B0-434F-86C2-487FFBEE86DE}.Release|Any CPU.ActiveCfg = Release|Any CPU
		{7FDAFF3C-F3B0-434F-86C2-487FFBEE86DE}.Release|Any CPU.Build.0 = Release|Any CPU
	EndGlobalSection
	GlobalSection(SolutionProperties) = preSolution
		HideSolutionNode = FALSE
	EndGlobalSection
	GlobalSection(ExtensibilityGlobals) = postSolution
		SolutionGuid = {579959BD-8416-482A-9F35-B739731C7A7F}
	EndGlobalSection
EndGlobal
